// !$*UTF8*$!
{
	archiveVersion = 1;
	classes = {
	};
	objectVersion = 55;
	objects = {

/* Begin PBXBuildFile section */
		1039AE6427C89B2B00201874 /* AppDelegate.swift in Sources */ = {isa = PBXBuildFile; fileRef = 1039AE6327C89B2B00201874 /* AppDelegate.swift */; };
		1039AE6827C89B2B00201874 /* NoteListViewController.swift in Sources */ = {isa = PBXBuildFile; fileRef = 1039AE6727C89B2B00201874 /* NoteListViewController.swift */; };
		1039AE6E27C89B2B00201874 /* Notes.xcdatamodeld in Sources */ = {isa = PBXBuildFile; fileRef = 1039AE6C27C89B2B00201874 /* Notes.xcdatamodeld */; };
		1039AE7027C89B2B00201874 /* Assets.xcassets in Resources */ = {isa = PBXBuildFile; fileRef = 1039AE6F27C89B2B00201874 /* Assets.xcassets */; };
		1039AE7327C89B2B00201874 /* LaunchScreen.storyboard in Resources */ = {isa = PBXBuildFile; fileRef = 1039AE7127C89B2B00201874 /* LaunchScreen.storyboard */; };
		1039AE7B27C89E7700201874 /* .gitignore in Resources */ = {isa = PBXBuildFile; fileRef = 1039AE7A27C89E7700201874 /* .gitignore */; };
		1039AE7E27C89F3300201874 /* Note+CoreDataClass.swift in Sources */ = {isa = PBXBuildFile; fileRef = 1039AE7C27C89F3300201874 /* Note+CoreDataClass.swift */; };
		1039AE7F27C89F3300201874 /* Note+CoreDataProperties.swift in Sources */ = {isa = PBXBuildFile; fileRef = 1039AE7D27C89F3300201874 /* Note+CoreDataProperties.swift */; };
		1039AE8427C89FBF00201874 /* CoreDataManager.swift in Sources */ = {isa = PBXBuildFile; fileRef = 1039AE8327C89FBF00201874 /* CoreDataManager.swift */; };
		1039AE8727C8A60B00201874 /* NoteListCell.swift in Sources */ = {isa = PBXBuildFile; fileRef = 1039AE8627C8A60B00201874 /* NoteListCell.swift */; };
		1039AE8927C8B0DD00201874 /* AddNoteViewController.swift in Sources */ = {isa = PBXBuildFile; fileRef = 1039AE8827C8B0DD00201874 /* AddNoteViewController.swift */; };
/* End PBXBuildFile section */

/* Begin PBXFileReference section */
		1039AE6027C89B2B00201874 /* Notes.app */ = {isa = PBXFileReference; explicitFileType = wrapper.application; includeInIndex = 0; path = Notes.app; sourceTree = BUILT_PRODUCTS_DIR; };
		1039AE6327C89B2B00201874 /* AppDelegate.swift */ = {isa = PBXFileReference; lastKnownFileType = sourcecode.swift; path = AppDelegate.swift; sourceTree = "<group>"; };
		1039AE6727C89B2B00201874 /* NoteListViewController.swift */ = {isa = PBXFileReference; lastKnownFileType = sourcecode.swift; path = NoteListViewController.swift; sourceTree = "<group>"; };
		1039AE6D27C89B2B00201874 /* Notes.xcdatamodel */ = {isa = PBXFileReference; lastKnownFileType = wrapper.xcdatamodel; path = Notes.xcdatamodel; sourceTree = "<group>"; };
		1039AE6F27C89B2B00201874 /* Assets.xcassets */ = {isa = PBXFileReference; lastKnownFileType = folder.assetcatalog; path = Assets.xcassets; sourceTree = "<group>"; };
		1039AE7227C89B2B00201874 /* Base */ = {isa = PBXFileReference; lastKnownFileType = file.storyboard; name = Base; path = Base.lproj/LaunchScreen.storyboard; sourceTree = "<group>"; };
		1039AE7427C89B2B00201874 /* Info.plist */ = {isa = PBXFileReference; lastKnownFileType = text.plist.xml; path = Info.plist; sourceTree = "<group>"; };
		1039AE7A27C89E7700201874 /* .gitignore */ = {isa = PBXFileReference; lastKnownFileType = text; path = .gitignore; sourceTree = "<group>"; };
		1039AE7C27C89F3300201874 /* Note+CoreDataClass.swift */ = {isa = PBXFileReference; lastKnownFileType = sourcecode.swift; path = "Note+CoreDataClass.swift"; sourceTree = "<group>"; };
		1039AE7D27C89F3300201874 /* Note+CoreDataProperties.swift */ = {isa = PBXFileReference; lastKnownFileType = sourcecode.swift; path = "Note+CoreDataProperties.swift"; sourceTree = "<group>"; };
		1039AE8327C89FBF00201874 /* CoreDataManager.swift */ = {isa = PBXFileReference; lastKnownFileType = sourcecode.swift; path = CoreDataManager.swift; sourceTree = "<group>"; };
		1039AE8627C8A60B00201874 /* NoteListCell.swift */ = {isa = PBXFileReference; lastKnownFileType = sourcecode.swift; path = NoteListCell.swift; sourceTree = "<group>"; };
		1039AE8827C8B0DD00201874 /* AddNoteViewController.swift */ = {isa = PBXFileReference; lastKnownFileType = sourcecode.swift; path = AddNoteViewController.swift; sourceTree = "<group>"; };
/* End PBXFileReference section */

/* Begin PBXFrameworksBuildPhase section */
		1039AE5D27C89B2B00201874 /* Frameworks */ = {
			isa = PBXFrameworksBuildPhase;
			buildActionMask = 2147483647;
			files = (
			);
			runOnlyForDeploymentPostprocessing = 0;
		};
/* End PBXFrameworksBuildPhase section */

/* Begin PBXGroup section */
		1039AE5727C89B2B00201874 = {
			isa = PBXGroup;
			children = (
				1039AE7A27C89E7700201874 /* .gitignore */,
				1039AE6227C89B2B00201874 /* Notes */,
				1039AE6127C89B2B00201874 /* Products */,
			);
			sourceTree = "<group>";
		};
		1039AE6127C89B2B00201874 /* Products */ = {
			isa = PBXGroup;
			children = (
				1039AE6027C89B2B00201874 /* Notes.app */,
			);
			name = Products;
			sourceTree = "<group>";
		};
		1039AE6227C89B2B00201874 /* Notes */ = {
			isa = PBXGroup;
			children = (
				1039AE6327C89B2B00201874 /* AppDelegate.swift */,
				1039AE6727C89B2B00201874 /* NoteListViewController.swift */,
				1039AE8827C8B0DD00201874 /* AddNoteViewController.swift */,
				1039AE8627C8A60B00201874 /* NoteListCell.swift */,
				1039AE8227C89FAD00201874 /* Services */,
				1039AE8027C89F5300201874 /* CoreDataModel */,
				1039AE8527C89FD200201874 /* Files */,
			);
			path = Notes;
			sourceTree = "<group>";
		};
		1039AE8027C89F5300201874 /* CoreDataModel */ = {
			isa = PBXGroup;
			children = (
				1039AE6C27C89B2B00201874 /* Notes.xcdatamodeld */,
				1039AE8127C89F5E00201874 /* Entity */,
			);
			path = CoreDataModel;
			sourceTree = "<group>";
		};
		1039AE8127C89F5E00201874 /* Entity */ = {
			isa = PBXGroup;
			children = (
				1039AE7C27C89F3300201874 /* Note+CoreDataClass.swift */,
				1039AE7D27C89F3300201874 /* Note+CoreDataProperties.swift */,
			);
			path = Entity;
			sourceTree = "<group>";
		};
		1039AE8227C89FAD00201874 /* Services */ = {
			isa = PBXGroup;
			children = (
				1039AE8327C89FBF00201874 /* CoreDataManager.swift */,
			);
			path = Services;
			sourceTree = "<group>";
		};
		1039AE8527C89FD200201874 /* Files */ = {
			isa = PBXGroup;
			children = (
				1039AE6F27C89B2B00201874 /* Assets.xcassets */,
				1039AE7127C89B2B00201874 /* LaunchScreen.storyboard */,
				1039AE7427C89B2B00201874 /* Info.plist */,
			);
			path = Files;
			sourceTree = "<group>";
		};
/* End PBXGroup section */

/* Begin PBXNativeTarget section */
		1039AE5F27C89B2B00201874 /* Notes */ = {
			isa = PBXNativeTarget;
			buildConfigurationList = 1039AE7727C89B2B00201874 /* Build configuration list for PBXNativeTarget "Notes" */;
			buildPhases = (
				1039AE5C27C89B2B00201874 /* Sources */,
				1039AE5D27C89B2B00201874 /* Frameworks */,
				1039AE5E27C89B2B00201874 /* Resources */,
			);
			buildRules = (
			);
			dependencies = (
			);
			name = Notes;
			productName = Notes;
			productReference = 1039AE6027C89B2B00201874 /* Notes.app */;
			productType = "com.apple.product-type.application";
		};
/* End PBXNativeTarget section */

/* Begin PBXProject section */
		1039AE5827C89B2B00201874 /* Project object */ = {
			isa = PBXProject;
			attributes = {
				BuildIndependentTargetsInParallel = 1;
				LastSwiftUpdateCheck = 1320;
				LastUpgradeCheck = 1320;
				TargetAttributes = {
					1039AE5F27C89B2B00201874 = {
						CreatedOnToolsVersion = 13.2;
					};
				};
			};
			buildConfigurationList = 1039AE5B27C89B2B00201874 /* Build configuration list for PBXProject "Notes" */;
			compatibilityVersion = "Xcode 13.0";
			developmentRegion = en;
			hasScannedForEncodings = 0;
			knownRegions = (
				en,
				Base,
			);
			mainGroup = 1039AE5727C89B2B00201874;
			productRefGroup = 1039AE6127C89B2B00201874 /* Products */;
			projectDirPath = "";
			projectRoot = "";
			targets = (
				1039AE5F27C89B2B00201874 /* Notes */,
			);
		};
/* End PBXProject section */

/* Begin PBXResourcesBuildPhase section */
		1039AE5E27C89B2B00201874 /* Resources */ = {
			isa = PBXResourcesBuildPhase;
			buildActionMask = 2147483647;
			files = (
				1039AE7327C89B2B00201874 /* LaunchScreen.storyboard in Resources */,
				1039AE7B27C89E7700201874 /* .gitignore in Resources */,
				1039AE7027C89B2B00201874 /* Assets.xcassets in Resources */,
			);
			runOnlyForDeploymentPostprocessing = 0;
		};
/* End PBXResourcesBuildPhase section */

/* Begin PBXSourcesBuildPhase section */
		1039AE5C27C89B2B00201874 /* Sources */ = {
			isa = PBXSourcesBuildPhase;
			buildActionMask = 2147483647;
			files = (
				1039AE8427C89FBF00201874 /* CoreDataManager.swift in Sources */,
				1039AE6827C89B2B00201874 /* NoteListViewController.swift in Sources */,
				1039AE7E27C89F3300201874 /* Note+CoreDataClass.swift in Sources */,
				1039AE6427C89B2B00201874 /* AppDelegate.swift in Sources */,
				1039AE8927C8B0DD00201874 /* AddNoteViewController.swift in Sources */,
				1039AE8727C8A60B00201874 /* NoteListCell.swift in Sources */,
				1039AE6E27C89B2B00201874 /* Notes.xcdatamodeld in Sources */,
				1039AE7F27C89F3300201874 /* Note+CoreDataProperties.swift in Sources */,
			);
			runOnlyForDeploymentPostprocessing = 0;
		};
/* End PBXSourcesBuildPhase section */

/* Begin PBXVariantGroup section */
		1039AE7127C89B2B00201874 /* LaunchScreen.storyboard */ = {
			isa = PBXVariantGroup;
			children = (
				1039AE7227C89B2B00201874 /* Base */,
			);
			name = LaunchScreen.storyboard;
			sourceTree = "<group>";
		};
/* End PBXVariantGroup section */

/* Begin XCBuildConfiguration section */
		1039AE7527C89B2B00201874 /* Debug */ = {
			isa = XCBuildConfiguration;
			buildSettings = {
				ALWAYS_SEARCH_USER_PATHS = NO;
				CLANG_ANALYZER_NONNULL = YES;
				CLANG_ANALYZER_NUMBER_OBJECT_CONVERSION = YES_AGGRESSIVE;
				CLANG_CXX_LANGUAGE_STANDARD = "gnu++17";
				CLANG_CXX_LIBRARY = "libc++";
				CLANG_ENABLE_MODULES = YES;
				CLANG_ENABLE_OBJC_ARC = YES;
				CLANG_ENABLE_OBJC_WEAK = YES;
				CLANG_WARN_BLOCK_CAPTURE_AUTORELEASING = YES;
				CLANG_WARN_BOOL_CONVERSION = YES;
				CLANG_WARN_COMMA = YES;
				CLANG_WARN_CONSTANT_CONVERSION = YES;
				CLANG_WARN_DEPRECATED_OBJC_IMPLEMENTATIONS = YES;
				CLANG_WARN_DIRECT_OBJC_ISA_USAGE = YES_ERROR;
				CLANG_WARN_DOCUMENTATION_COMMENTS = YES;
				CLANG_WARN_EMPTY_BODY = YES;
				CLANG_WARN_ENUM_CONVERSION = YES;
				CLANG_WARN_INFINITE_RECURSION = YES;
				CLANG_WARN_INT_CONVERSION = YES;
				CLANG_WARN_NON_LITERAL_NULL_CONVERSION = YES;
				CLANG_WARN_OBJC_IMPLICIT_RETAIN_SELF = YES;
				CLANG_WARN_OBJC_LITERAL_CONVERSION = YES;
				CLANG_WARN_OBJC_ROOT_CLASS = YES_ERROR;
				CLANG_WARN_QUOTED_INCLUDE_IN_FRAMEWORK_HEADER = YES;
				CLANG_WARN_RANGE_LOOP_ANALYSIS = YES;
				CLANG_WARN_STRICT_PROTOTYPES = YES;
				CLANG_WARN_SUSPICIOUS_MOVE = YES;
				CLANG_WARN_UNGUARDED_AVAILABILITY = YES_AGGRESSIVE;
				CLANG_WARN_UNREACHABLE_CODE = YES;
				CLANG_WARN__DUPLICATE_METHOD_MATCH = YES;
				COPY_PHASE_STRIP = NO;
				DEBUG_INFORMATION_FORMAT = dwarf;
				ENABLE_STRICT_OBJC_MSGSEND = YES;
				ENABLE_TESTABILITY = YES;
				GCC_C_LANGUAGE_STANDARD = gnu11;
				GCC_DYNAMIC_NO_PIC = NO;
				GCC_NO_COMMON_BLOCKS = YES;
				GCC_OPTIMIZATION_LEVEL = 0;
				GCC_PREPROCESSOR_DEFINITIONS = (
					"DEBUG=1",
					"$(inherited)",
				);
				GCC_WARN_64_TO_32_BIT_CONVERSION = YES;
				GCC_WARN_ABOUT_RETURN_TYPE = YES_ERROR;
				GCC_WARN_UNDECLARED_SELECTOR = YES;
				GCC_WARN_UNINITIALIZED_AUTOS = YES_AGGRESSIVE;
				GCC_WARN_UNUSED_FUNCTION = YES;
				GCC_WARN_UNUSED_VARIABLE = YES;
				IPHONEOS_DEPLOYMENT_TARGET = 15.2;
				MTL_ENABLE_DEBUG_INFO = INCLUDE_SOURCE;
				MTL_FAST_MATH = YES;
				ONLY_ACTIVE_ARCH = YES;
				SDKROOT = iphoneos;
				SWIFT_ACTIVE_COMPILATION_CONDITIONS = DEBUG;
				SWIFT_OPTIMIZATION_LEVEL = "-Onone";
			};
			name = Debug;
		};
		1039AE7627C89B2B00201874 /* Release */ = {
			isa = XCBuildConfiguration;
			buildSettings = {
				ALWAYS_SEARCH_USER_PATHS = NO;
				CLANG_ANALYZER_NONNULL = YES;
				CLANG_ANALYZER_NUMBER_OBJECT_CONVERSION = YES_AGGRESSIVE;
				CLANG_CXX_LANGUAGE_STANDARD = "gnu++17";
				CLANG_CXX_LIBRARY = "libc++";
				CLANG_ENABLE_MODULES = YES;
				CLANG_ENABLE_OBJC_ARC = YES;
				CLANG_ENABLE_OBJC_WEAK = YES;
				CLANG_WARN_BLOCK_CAPTURE_AUTORELEASING = YES;
				CLANG_WARN_BOOL_CONVERSION = YES;
				CLANG_WARN_COMMA = YES;
				CLANG_WARN_CONSTANT_CONVERSION = YES;
				CLANG_WARN_DEPRECATED_OBJC_IMPLEMENTATIONS = YES;
				CLANG_WARN_DIRECT_OBJC_ISA_USAGE = YES_ERROR;
				CLANG_WARN_DOCUMENTATION_COMMENTS = YES;
				CLANG_WARN_EMPTY_BODY = YES;
				CLANG_WARN_ENUM_CONVERSION = YES;
				CLANG_WARN_INFINITE_RECURSION = YES;
				CLANG_WARN_INT_CONVERSION = YES;
				CLANG_WARN_NON_LITERAL_NULL_CONVERSION = YES;
				CLANG_WARN_OBJC_IMPLICIT_RETAIN_SELF = YES;
				CLANG_WARN_OBJC_LITERAL_CONVERSION = YES;
				CLANG_WARN_OBJC_ROOT_CLASS = YES_ERROR;
				CLANG_WARN_QUOTED_INCLUDE_IN_FRAMEWORK_HEADER = YES;
				CLANG_WARN_RANGE_LOOP_ANALYSIS = YES;
				CLANG_WARN_STRICT_PROTOTYPES = YES;
				CLANG_WARN_SUSPICIOUS_MOVE = YES;
				CLANG_WARN_UNGUARDED_AVAILABILITY = YES_AGGRESSIVE;
				CLANG_WARN_UNREACHABLE_CODE = YES;
				CLANG_WARN__DUPLICATE_METHOD_MATCH = YES;
				COPY_PHASE_STRIP = NO;
				DEBUG_INFORMATION_FORMAT = "dwarf-with-dsym";
				ENABLE_NS_ASSERTIONS = NO;
				ENABLE_STRICT_OBJC_MSGSEND = YES;
				GCC_C_LANGUAGE_STANDARD = gnu11;
				GCC_NO_COMMON_BLOCKS = YES;
				GCC_WARN_64_TO_32_BIT_CONVERSION = YES;
				GCC_WARN_ABOUT_RETURN_TYPE = YES_ERROR;
				GCC_WARN_UNDECLARED_SELECTOR = YES;
				GCC_WARN_UNINITIALIZED_AUTOS = YES_AGGRESSIVE;
				GCC_WARN_UNUSED_FUNCTION = YES;
				GCC_WARN_UNUSED_VARIABLE = YES;
				IPHONEOS_DEPLOYMENT_TARGET = 15.2;
				MTL_ENABLE_DEBUG_INFO = NO;
				MTL_FAST_MATH = YES;
				SDKROOT = iphoneos;
				SWIFT_COMPILATION_MODE = wholemodule;
				SWIFT_OPTIMIZATION_LEVEL = "-O";
				VALIDATE_PRODUCT = YES;
			};
			name = Release;
		};
		1039AE7827C89B2B00201874 /* Debug */ = {
			isa = XCBuildConfiguration;
			buildSettings = {
				ASSETCATALOG_COMPILER_APPICON_NAME = AppIcon;
				ASSETCATALOG_COMPILER_GLOBAL_ACCENT_COLOR_NAME = AccentColor;
				CODE_SIGN_STYLE = Automatic;
				CURRENT_PROJECT_VERSION = 1;
				GENERATE_INFOPLIST_FILE = YES;
				INFOPLIST_FILE = Notes/Files/Info.plist;
				INFOPLIST_KEY_UIApplicationSupportsIndirectInputEvents = YES;
				INFOPLIST_KEY_UILaunchStoryboardName = LaunchScreen;
				INFOPLIST_KEY_UISupportedInterfaceOrientations_iPad = "UIInterfaceOrientationPortrait UIInterfaceOrientationPortraitUpsideDown UIInterfaceOrientationLandscapeLeft UIInterfaceOrientationLandscapeRight";
				INFOPLIST_KEY_UISupportedInterfaceOrientations_iPhone = "UIInterfaceOrientationPortrait UIInterfaceOrientationLandscapeLeft UIInterfaceOrientationLandscapeRight";
				LD_RUNPATH_SEARCH_PATHS = (
					"$(inherited)",
					"@executable_path/Frameworks",
				);
				MARKETING_VERSION = 1.0;
				PRODUCT_BUNDLE_IDENTIFIER = com.myapps.Notes;
				PRODUCT_NAME = "$(TARGET_NAME)";
				SWIFT_EMIT_LOC_STRINGS = YES;
				SWIFT_VERSION = 5.0;
				TARGETED_DEVICE_FAMILY = 1;
			};
			name = Debug;
		};
		1039AE7927C89B2B00201874 /* Release */ = {
			isa = XCBuildConfiguration;
			buildSettings = {
				ASSETCATALOG_COMPILER_APPICON_NAME = AppIcon;
				ASSETCATALOG_COMPILER_GLOBAL_ACCENT_COLOR_NAME = AccentColor;
				CODE_SIGN_STYLE = Automatic;
				CURRENT_PROJECT_VERSION = 1;
				GENERATE_INFOPLIST_FILE = YES;
				INFOPLIST_FILE = Notes/Files/Info.plist;
				INFOPLIST_KEY_UIApplicationSupportsIndirectInputEvents = YES;
				INFOPLIST_KEY_UILaunchStoryboardName = LaunchScreen;
				INFOPLIST_KEY_UISupportedInterfaceOrientations_iPad = "UIInterfaceOrientationPortrait UIInterfaceOrientationPortraitUpsideDown UIInterfaceOrientationLandscapeLeft UIInterfaceOrientationLandscapeRight";
				INFOPLIST_KEY_UISupportedInterfaceOrientations_iPhone = "UIInterfaceOrientationPortrait UIInterfaceOrientationLandscapeLeft UIInterfaceOrientationLandscapeRight";
				LD_RUNPATH_SEARCH_PATHS = (
					"$(inherited)",
					"@executable_path/Frameworks",
				);
				MARKETING_VERSION = 1.0;
				PRODUCT_BUNDLE_IDENTIFIER = com.myapps.Notes;
				PRODUCT_NAME = "$(TARGET_NAME)";
				SWIFT_EMIT_LOC_STRINGS = YES;
				SWIFT_VERSION = 5.0;
				TARGETED_DEVICE_FAMILY = 1;
			};
			name = Release;
		};
/* End XCBuildConfiguration section */

/* Begin XCConfigurationList section */
		1039AE5B27C89B2B00201874 /* Build configuration list for PBXProject "Notes" */ = {
			isa = XCConfigurationList;
			buildConfigurations = (
				1039AE7527C89B2B00201874 /* Debug */,
				1039AE7627C89B2B00201874 /* Release */,
			);
			defaultConfigurationIsVisible = 0;
			defaultConfigurationName = Release;
		};
		1039AE7727C89B2B00201874 /* Build configuration list for PBXNativeTarget "Notes" */ = {
			isa = XCConfigurationList;
			buildConfigurations = (
				1039AE7827C89B2B00201874 /* Debug */,
				1039AE7927C89B2B00201874 /* Release */,
			);
			defaultConfigurationIsVisible = 0;
			defaultConfigurationName = Release;
		};
/* End XCConfigurationList section */

/* Begin XCVersionGroup section */
		1039AE6C27C89B2B00201874 /* Notes.xcdatamodeld */ = {
			isa = XCVersionGroup;
			children = (
				1039AE6D27C89B2B00201874 /* Notes.xcdatamodel */,
			);
			currentVersion = 1039AE6D27C89B2B00201874 /* Notes.xcdatamodel */;
			path = Notes.xcdatamodeld;
			sourceTree = "<group>";
			versionGroupType = wrapper.xcdatamodel;
		};
/* End XCVersionGroup section */
	};
	rootObject = 1039AE5827C89B2B00201874 /* Project object */;
}
